
Microsoft Visual Studio Solution File, Format Version 12.00
# Visual Studio Version 17
VisualStudioVersion = 17.2.32630.192
MinimumVisualStudioVersion = 10.0.40219.1
Project("{FAE04EC0-301F-11D3-BF4B-00C04F79EFBC}") = "APIClasses", "APIClasses\APIClasses.csproj", "{B1BFA712-024C-46EB-B544-CA3B2FEE2325}"
EndProject
Project("{FAE04EC0-301F-11D3-BF4B-00C04F79EFBC}") = "DatabaseAPI", "DatabaseAPI\DatabaseAPI.csproj", "{C13F75F7-77B5-427A-93D5-95A32B33AFF6}"
EndProject
Project("{9A19103F-16F7-4668-BE54-9A1E7A4F7556}") = "WebGUI", "WebGUI\WebGUI.csproj", "{BF21ECE3-F3A2-4E1D-936E-F11FC1BCD356}"
EndProject
Project("{FAE04EC0-301F-11D3-BF4B-00C04F79EFBC}") = "BusinessTierAPI", "BusinessTierAPI\BusinessTierAPI.csproj", "{30473D4E-990E-4585-8681-280413C4B120}"
EndProject
Global
	GlobalSection(SolutionConfigurationPlatforms) = preSolution
		Debug|Any CPU = Debug|Any CPU
		Release|Any CPU = Release|Any CPU
	EndGlobalSection
	GlobalSection(ProjectConfigurationPlatforms) = postSolution
		{B1BFA712-024C-46EB-B544-CA3B2FEE2325}.Debug|Any CPU.ActiveCfg = Debug|Any CPU
		{B1BFA712-024C-46EB-B544-CA3B2FEE2325}.Debug|Any CPU.Build.0 = Debug|Any CPU
		{B1BFA712-024C-46EB-B544-CA3B2FEE2325}.Release|Any CPU.ActiveCfg = Release|Any CPU
		{B1BFA712-024C-46EB-B544-CA3B2FEE2325}.Release|Any CPU.Build.0 = Release|Any CPU
		{C13F75F7-77B5-427A-93D5-95A32B33AFF6}.Debug|Any CPU.ActiveCfg = Debug|Any CPU
		{C13F75F7-77B5-427A-93D5-95A32B33AFF6}.Debug|Any CPU.Build.0 = Debug|Any CPU
		{C13F75F7-77B5-427A-93D5-95A32B33AFF6}.Release|Any CPU.ActiveCfg = Release|Any CPU
		{C13F75F7-77B5-427A-93D5-95A32B33AFF6}.Release|Any CPU.Build.0 = Release|Any CPU
		{BF21ECE3-F3A2-4E1D-936E-F11FC1BCD356}.Debug|Any CPU.ActiveCfg = Debug|Any CPU
		{BF21ECE3-F3A2-4E1D-936E-F11FC1BCD356}.Debug|Any CPU.Build.0 = Debug|Any CPU
		{BF21ECE3-F3A2-4E1D-936E-F11FC1BCD356}.Release|Any CPU.ActiveCfg = Release|Any CPU
		{BF21ECE3-F3A2-4E1D-936E-F11FC1BCD356}.Release|Any CPU.Build.0 = Release|Any CPU
		{30473D4E-990E-4585-8681-280413C4B120}.Debug|Any CPU.ActiveCfg = Debug|Any CPU
		{30473D4E-990E-4585-8681-280413C4B120}.Debug|Any CPU.Build.0 = Debug|Any CPU
		{30473D4E-990E-4585-8681-280413C4B120}.Release|Any CPU.ActiveCfg = Release|Any CPU
		{30473D4E-990E-4585-8681-280413C4B120}.Release|Any CPU.Build.0 = Release|Any CPU
	EndGlobalSection
	GlobalSection(SolutionProperties) = preSolution
		HideSolutionNode = FALSE
	EndGlobalSection
	GlobalSection(ExtensibilityGlobals) = postSolution
		SolutionGuid = {D3EF0AC3-44DF-4134-BA16-BBF8F3FCD352}
	EndGlobalSection
EndGlobal
